// !$*UTF8*$!
{
	archiveVersion = 1;
	classes = {
	};
	objectVersion = 51;
	objects = {

/* Begin PBXBuildFile section */
		44EE17C72482B0B1006ECF2C /* AppDelegate.swift in Sources */ = {isa = PBXBuildFile; fileRef = 44EE17C62482B0B1006ECF2C /* AppDelegate.swift */; };
		44EE17C92482B0B1006ECF2C /* SceneDelegate.swift in Sources */ = {isa = PBXBuildFile; fileRef = 44EE17C82482B0B1006ECF2C /* SceneDelegate.swift */; };
		44EE17CB2482B0B1006ECF2C /* ViewController.swift in Sources */ = {isa = PBXBuildFile; fileRef = 44EE17CA2482B0B1006ECF2C /* ViewController.swift */; };
		44EE17CE2482B0B1006ECF2C /* Main.storyboard in Resources */ = {isa = PBXBuildFile; fileRef = 44EE17CC2482B0B1006ECF2C /* Main.storyboard */; };
		44EE17D02482B0BA006ECF2C /* Assets.xcassets in Resources */ = {isa = PBXBuildFile; fileRef = 44EE17CF2482B0BA006ECF2C /* Assets.xcassets */; };
		44EE17D32482B0BA006ECF2C /* LaunchScreen.storyboard in Resources */ = {isa = PBXBuildFile; fileRef = 44EE17D12482B0BA006ECF2C /* LaunchScreen.storyboard */; };
		44EE17DB24835BCB006ECF2C /* mapStyle.json in Resources */ = {isa = PBXBuildFile; fileRef = 44EE17DA24835BCA006ECF2C /* mapStyle.json */; };
		44EE17DD24835F6C006ECF2C /* PRouteApi.swift in Sources */ = {isa = PBXBuildFile; fileRef = 44EE17DC24835F6C006ECF2C /* PRouteApi.swift */; };
		44EE17DF24835F8B006ECF2C /* PRouteProvider.swift in Sources */ = {isa = PBXBuildFile; fileRef = 44EE17DE24835F8B006ECF2C /* PRouteProvider.swift */; };
		44EE17E224836278006ECF2C /* PGoogleMapsRouteResponse.swift in Sources */ = {isa = PBXBuildFile; fileRef = 44EE17E124836278006ECF2C /* PGoogleMapsRouteResponse.swift */; };
		44EE17E624838B49006ECF2C /* Constant.swift in Sources */ = {isa = PBXBuildFile; fileRef = 44EE17E524838B49006ECF2C /* Constant.swift */; };
		863644D33722521C866FC4DF /* Pods_AnimatedRoute.framework in Frameworks */ = {isa = PBXBuildFile; fileRef = 99AA4102A85ADB0578511D91 /* Pods_AnimatedRoute.framework */; };
/* End PBXBuildFile section */

/* Begin PBXFileReference section */
		44EE17C32482B0B1006ECF2C /* AnimatedRoute.app */ = {isa = PBXFileReference; explicitFileType = wrapper.application; includeInIndex = 0; path = AnimatedRoute.app; sourceTree = BUILT_PRODUCTS_DIR; };
		44EE17C62482B0B1006ECF2C /* AppDelegate.swift */ = {isa = PBXFileReference; lastKnownFileType = sourcecode.swift; path = AppDelegate.swift; sourceTree = "<group>"; };
		44EE17C82482B0B1006ECF2C /* SceneDelegate.swift */ = {isa = PBXFileReference; lastKnownFileType = sourcecode.swift; path = SceneDelegate.swift; sourceTree = "<group>"; };
		44EE17CA2482B0B1006ECF2C /* ViewController.swift */ = {isa = PBXFileReference; lastKnownFileType = sourcecode.swift; path = ViewController.swift; sourceTree = "<group>"; };
		44EE17CD2482B0B1006ECF2C /* Base */ = {isa = PBXFileReference; lastKnownFileType = file.storyboard; name = Base; path = Base.lproj/Main.storyboard; sourceTree = "<group>"; };
		44EE17CF2482B0BA006ECF2C /* Assets.xcassets */ = {isa = PBXFileReference; lastKnownFileType = folder.assetcatalog; path = Assets.xcassets; sourceTree = "<group>"; };
		44EE17D22482B0BA006ECF2C /* Base */ = {isa = PBXFileReference; lastKnownFileType = file.storyboard; name = Base; path = Base.lproj/LaunchScreen.storyboard; sourceTree = "<group>"; };
		44EE17D42482B0BA006ECF2C /* Info.plist */ = {isa = PBXFileReference; lastKnownFileType = text.plist.xml; path = Info.plist; sourceTree = "<group>"; };
		44EE17DA24835BCA006ECF2C /* mapStyle.json */ = {isa = PBXFileReference; lastKnownFileType = text.json; path = mapStyle.json; sourceTree = "<group>"; };
		44EE17DC24835F6C006ECF2C /* PRouteApi.swift */ = {isa = PBXFileReference; lastKnownFileType = sourcecode.swift; path = PRouteApi.swift; sourceTree = "<group>"; };
		44EE17DE24835F8B006ECF2C /* PRouteProvider.swift */ = {isa = PBXFileReference; lastKnownFileType = sourcecode.swift; path = PRouteProvider.swift; sourceTree = "<group>"; };
		44EE17E124836278006ECF2C /* PGoogleMapsRouteResponse.swift */ = {isa = PBXFileReference; lastKnownFileType = sourcecode.swift; path = PGoogleMapsRouteResponse.swift; sourceTree = "<group>"; };
		44EE17E524838B49006ECF2C /* Constant.swift */ = {isa = PBXFileReference; lastKnownFileType = sourcecode.swift; path = Constant.swift; sourceTree = "<group>"; };
		99AA4102A85ADB0578511D91 /* Pods_AnimatedRoute.framework */ = {isa = PBXFileReference; explicitFileType = wrapper.framework; includeInIndex = 0; path = Pods_AnimatedRoute.framework; sourceTree = BUILT_PRODUCTS_DIR; };
		9A6CC041ACFF75AD00664DAA /* Pods-AnimatedRoute.release.xcconfig */ = {isa = PBXFileReference; includeInIndex = 1; lastKnownFileType = text.xcconfig; name = "Pods-AnimatedRoute.release.xcconfig"; path = "Target Support Files/Pods-AnimatedRoute/Pods-AnimatedRoute.release.xcconfig"; sourceTree = "<group>"; };
		E8ADB93A5636F461593EED9E /* Pods-AnimatedRoute.debug.xcconfig */ = {isa = PBXFileReference; includeInIndex = 1; lastKnownFileType = text.xcconfig; name = "Pods-AnimatedRoute.debug.xcconfig"; path = "Target Support Files/Pods-AnimatedRoute/Pods-AnimatedRoute.debug.xcconfig"; sourceTree = "<group>"; };
/* End PBXFileReference section */

/* Begin PBXFrameworksBuildPhase section */
		44EE17C02482B0B1006ECF2C /* Frameworks */ = {
			isa = PBXFrameworksBuildPhase;
			buildActionMask = 2147483647;
			files = (
				863644D33722521C866FC4DF /* Pods_AnimatedRoute.framework in Frameworks */,
			);
			runOnlyForDeploymentPostprocessing = 0;
		};
/* End PBXFrameworksBuildPhase section */

/* Begin PBXGroup section */
		44EE17BA2482B0B0006ECF2C = {
			isa = PBXGroup;
			children = (
				44EE17C52482B0B1006ECF2C /* AnimatedRoute */,
				44EE17C42482B0B1006ECF2C /* Products */,
				FC2880CD86EAB17763662261 /* Pods */,
				476277CC5049049606B11620 /* Frameworks */,
			);
			sourceTree = "<group>";
		};
		44EE17C42482B0B1006ECF2C /* Products */ = {
			isa = PBXGroup;
			children = (
				44EE17C32482B0B1006ECF2C /* AnimatedRoute.app */,
			);
			name = Products;
			sourceTree = "<group>";
		};
		44EE17C52482B0B1006ECF2C /* AnimatedRoute */ = {
			isa = PBXGroup;
			children = (
				44EE17E424836291006ECF2C /* Network */,
				44EE17E324836286006ECF2C /* Controller */,
				44EE17E02483626F006ECF2C /* Model */,
				44EE17E524838B49006ECF2C /* Constant.swift */,
				44EE17DA24835BCA006ECF2C /* mapStyle.json */,
				44EE17C62482B0B1006ECF2C /* AppDelegate.swift */,
				44EE17C82482B0B1006ECF2C /* SceneDelegate.swift */,
				44EE17CF2482B0BA006ECF2C /* Assets.xcassets */,
				44EE17CC2482B0B1006ECF2C /* Main.storyboard */,
				44EE17D12482B0BA006ECF2C /* LaunchScreen.storyboard */,
				44EE17D42482B0BA006ECF2C /* Info.plist */,
			);
			path = AnimatedRoute;
			sourceTree = "<group>";
		};
		44EE17E02483626F006ECF2C /* Model */ = {
			isa = PBXGroup;
			children = (
				44EE17E124836278006ECF2C /* PGoogleMapsRouteResponse.swift */,
			);
			path = Model;
			sourceTree = "<group>";
		};
		44EE17E324836286006ECF2C /* Controller */ = {
			isa = PBXGroup;
			children = (
				44EE17CA2482B0B1006ECF2C /* ViewController.swift */,
			);
			path = Controller;
			sourceTree = "<group>";
		};
		44EE17E424836291006ECF2C /* Network */ = {
			isa = PBXGroup;
			children = (
				44EE17DC24835F6C006ECF2C /* PRouteApi.swift */,
				44EE17DE24835F8B006ECF2C /* PRouteProvider.swift */,
			);
			path = Network;
			sourceTree = "<group>";
		};
		476277CC5049049606B11620 /* Frameworks */ = {
			isa = PBXGroup;
			children = (
				99AA4102A85ADB0578511D91 /* Pods_AnimatedRoute.framework */,
			);
			name = Frameworks;
			sourceTree = "<group>";
		};
		FC2880CD86EAB17763662261 /* Pods */ = {
			isa = PBXGroup;
			children = (
				E8ADB93A5636F461593EED9E /* Pods-AnimatedRoute.debug.xcconfig */,
				9A6CC041ACFF75AD00664DAA /* Pods-AnimatedRoute.release.xcconfig */,
			);
			path = Pods;
			sourceTree = "<group>";
		};
/* End PBXGroup section */

/* Begin PBXNativeTarget section */
		44EE17C22482B0B1006ECF2C /* AnimatedRoute */ = {
			isa = PBXNativeTarget;
			buildConfigurationList = 44EE17D72482B0BA006ECF2C /* Build configuration list for PBXNativeTarget "AnimatedRoute" */;
			buildPhases = (
				B377C7A7DCAD96939852DC4C /* [CP] Check Pods Manifest.lock */,
				44EE17BF2482B0B1006ECF2C /* Sources */,
				44EE17C02482B0B1006ECF2C /* Frameworks */,
				44EE17C12482B0B1006ECF2C /* Resources */,
				4D5A5FB8F34AFB417EE6AE31 /* [CP] Copy Pods Resources */,
				E013C1DD2908D81D31B0F28F /* [CP] Embed Pods Frameworks */,
			);
			buildRules = (
			);
			dependencies = (
			);
			name = AnimatedRoute;
			productName = AnimatedRoute;
			productReference = 44EE17C32482B0B1006ECF2C /* AnimatedRoute.app */;
			productType = "com.apple.product-type.application";
		};
/* End PBXNativeTarget section */

/* Begin PBXProject section */
		44EE17BB2482B0B1006ECF2C /* Project object */ = {
			isa = PBXProject;
			attributes = {
				LastSwiftUpdateCheck = 1150;
				LastUpgradeCheck = 1150;
				ORGANIZATIONNAME = "Nguyen Phat";
				TargetAttributes = {
					44EE17C22482B0B1006ECF2C = {
						CreatedOnToolsVersion = 11.5;
					};
				};
			};
			buildConfigurationList = 44EE17BE2482B0B1006ECF2C /* Build configuration list for PBXProject "AnimatedRoute" */;
			compatibilityVersion = "Xcode 9.3";
			developmentRegion = en;
			hasScannedForEncodings = 0;
			knownRegions = (
				en,
				Base,
			);
			mainGroup = 44EE17BA2482B0B0006ECF2C;
			productRefGroup = 44EE17C42482B0B1006ECF2C /* Products */;
			projectDirPath = "";
			projectRoot = "";
			targets = (
				44EE17C22482B0B1006ECF2C /* AnimatedRoute */,
			);
		};
/* End PBXProject section */

/* Begin PBXResourcesBuildPhase section */
		44EE17C12482B0B1006ECF2C /* Resources */ = {
			isa = PBXResourcesBuildPhase;
			buildActionMask = 2147483647;
			files = (
				44EE17DB24835BCB006ECF2C /* mapStyle.json in Resources */,
				44EE17D32482B0BA006ECF2C /* LaunchScreen.storyboard in Resources */,
				44EE17D02482B0BA006ECF2C /* Assets.xcassets in Resources */,
				44EE17CE2482B0B1006ECF2C /* Main.storyboard in Resources */,
			);
			runOnlyForDeploymentPostprocessing = 0;
		};
/* End PBXResourcesBuildPhase section */

/* Begin PBXShellScriptBuildPhase section */
		4D5A5FB8F34AFB417EE6AE31 /* [CP] Copy Pods Resources */ = {
			isa = PBXShellScriptBuildPhase;
			buildActionMask = 2147483647;
			files = (
			);
			inputFileListPaths = (
				"${PODS_ROOT}/Target Support Files/Pods-AnimatedRoute/Pods-AnimatedRoute-resources-${CONFIGURATION}-input-files.xcfilelist",
			);
			name = "[CP] Copy Pods Resources";
			outputFileListPaths = (
				"${PODS_ROOT}/Target Support Files/Pods-AnimatedRoute/Pods-AnimatedRoute-resources-${CONFIGURATION}-output-files.xcfilelist",
			);
			runOnlyForDeploymentPostprocessing = 0;
			shellPath = /bin/sh;
			shellScript = "\"${PODS_ROOT}/Target Support Files/Pods-AnimatedRoute/Pods-AnimatedRoute-resources.sh\"\n";
			showEnvVarsInLog = 0;
		};
		B377C7A7DCAD96939852DC4C /* [CP] Check Pods Manifest.lock */ = {
			isa = PBXShellScriptBuildPhase;
			buildActionMask = 2147483647;
			files = (
			);
			inputFileListPaths = (
			);
			inputPaths = (
				"${PODS_PODFILE_DIR_PATH}/Podfile.lock",
				"${PODS_ROOT}/Manifest.lock",
			);
			name = "[CP] Check Pods Manifest.lock";
			outputFileListPaths = (
			);
			outputPaths = (
				"$(DERIVED_FILE_DIR)/Pods-AnimatedRoute-checkManifestLockResult.txt",
			);
			runOnlyForDeploymentPostprocessing = 0;
			shellPath = /bin/sh;
			shellScript = "diff \"${PODS_PODFILE_DIR_PATH}/Podfile.lock\" \"${PODS_ROOT}/Manifest.lock\" > /dev/null\nif [ $? != 0 ] ; then\n    # print error to STDERR\n    echo \"error: The sandbox is not in sync with the Podfile.lock. Run 'pod install' or update your CocoaPods installation.\" >&2\n    exit 1\nfi\n# This output is used by Xcode 'outputs' to avoid re-running this script phase.\necho \"SUCCESS\" > \"${SCRIPT_OUTPUT_FILE_0}\"\n";
			showEnvVarsInLog = 0;
		};
		E013C1DD2908D81D31B0F28F /* [CP] Embed Pods Frameworks */ = {
			isa = PBXShellScriptBuildPhase;
			buildActionMask = 2147483647;
			files = (
			);
			inputFileListPaths = (
				"${PODS_ROOT}/Target Support Files/Pods-AnimatedRoute/Pods-AnimatedRoute-frameworks-${CONFIGURATION}-input-files.xcfilelist",
			);
			name = "[CP] Embed Pods Frameworks";
			outputFileListPaths = (
				"${PODS_ROOT}/Target Support Files/Pods-AnimatedRoute/Pods-AnimatedRoute-frameworks-${CONFIGURATION}-output-files.xcfilelist",
			);
			runOnlyForDeploymentPostprocessing = 0;
			shellPath = /bin/sh;
			shellScript = "\"${PODS_ROOT}/Target Support Files/Pods-AnimatedRoute/Pods-AnimatedRoute-frameworks.sh\"\n";
			showEnvVarsInLog = 0;
		};
/* End PBXShellScriptBuildPhase section */

/* Begin PBXSourcesBuildPhase section */
		44EE17BF2482B0B1006ECF2C /* Sources */ = {
			isa = PBXSourcesBuildPhase;
			buildActionMask = 2147483647;
			files = (
				44EE17E624838B49006ECF2C /* Constant.swift in Sources */,
				44EE17DF24835F8B006ECF2C /* PRouteProvider.swift in Sources */,
				44EE17DD24835F6C006ECF2C /* PRouteApi.swift in Sources */,
				44EE17CB2482B0B1006ECF2C /* ViewController.swift in Sources */,
				44EE17C72482B0B1006ECF2C /* AppDelegate.swift in Sources */,
				44EE17C92482B0B1006ECF2C /* SceneDelegate.swift in Sources */,
				44EE17E224836278006ECF2C /* PGoogleMapsRouteResponse.swift in Sources */,
			);
			runOnlyForDeploymentPostprocessing = 0;
		};
/* End PBXSourcesBuildPhase section */

/* Begin PBXVariantGroup section */
		44EE17CC2482B0B1006ECF2C /* Main.storyboard */ = {
			isa = PBXVariantGroup;
			children = (
				44EE17CD2482B0B1006ECF2C /* Base */,
			);
			name = Main.storyboard;
			sourceTree = "<group>";
		};
		44EE17D12482B0BA006ECF2C /* LaunchScreen.storyboard */ = {
			isa = PBXVariantGroup;
			children = (
				44EE17D22482B0BA006ECF2C /* Base */,
			);
			name = LaunchScreen.storyboard;
			sourceTree = "<group>";
		};
/* End PBXVariantGroup section */

/* Begin XCBuildConfiguration section */
		44EE17D52482B0BA006ECF2C /* Debug */ = {
			isa = XCBuildConfiguration;
			buildSettings = {
				ALWAYS_SEARCH_USER_PATHS = NO;
				CLANG_ANALYZER_NONNULL = YES;
				CLANG_ANALYZER_NUMBER_OBJECT_CONVERSION = YES_AGGRESSIVE;
				CLANG_CXX_LANGUAGE_STANDARD = "gnu++14";
				CLANG_CXX_LIBRARY = "libc++";
				CLANG_ENABLE_MODULES = YES;
				CLANG_ENABLE_OBJC_ARC = YES;
				CLANG_ENABLE_OBJC_WEAK = YES;
				CLANG_WARN_BLOCK_CAPTURE_AUTORELEASING = YES;
				CLANG_WARN_BOOL_CONVERSION = YES;
				CLANG_WARN_COMMA = YES;
				CLANG_WARN_CONSTANT_CONVERSION = YES;
				CLANG_WARN_DEPRECATED_OBJC_IMPLEMENTATIONS = YES;
				CLANG_WARN_DIRECT_OBJC_ISA_USAGE = YES_ERROR;
				CLANG_WARN_DOCUMENTATION_COMMENTS = YES;
				CLANG_WARN_EMPTY_BODY = YES;
				CLANG_WARN_ENUM_CONVERSION = YES;
				CLANG_WARN_INFINITE_RECURSION = YES;
				CLANG_WARN_INT_CONVERSION = YES;
				CLANG_WARN_NON_LITERAL_NULL_CONVERSION = YES;
				CLANG_WARN_OBJC_IMPLICIT_RETAIN_SELF = YES;
				CLANG_WARN_OBJC_LITERAL_CONVERSION = YES;
				CLANG_WARN_OBJC_ROOT_CLASS = YES_ERROR;
				CLANG_WARN_RANGE_LOOP_ANALYSIS = YES;
				CLANG_WARN_STRICT_PROTOTYPES = YES;
				CLANG_WARN_SUSPICIOUS_MOVE = YES;
				CLANG_WARN_UNGUARDED_AVAILABILITY = YES_AGGRESSIVE;
				CLANG_WARN_UNREACHABLE_CODE = YES;
				CLANG_WARN__DUPLICATE_METHOD_MATCH = YES;
				COPY_PHASE_STRIP = NO;
				DEBUG_INFORMATION_FORMAT = dwarf;
				ENABLE_STRICT_OBJC_MSGSEND = YES;
				ENABLE_TESTABILITY = YES;
				GCC_C_LANGUAGE_STANDARD = gnu11;
				GCC_DYNAMIC_NO_PIC = NO;
				GCC_NO_COMMON_BLOCKS = YES;
				GCC_OPTIMIZATION_LEVEL = 0;
				GCC_PREPROCESSOR_DEFINITIONS = (
					"DEBUG=1",
					"$(inherited)",
				);
				GCC_WARN_64_TO_32_BIT_CONVERSION = YES;
				GCC_WARN_ABOUT_RETURN_TYPE = YES_ERROR;
				GCC_WARN_UNDECLARED_SELECTOR = YES;
				GCC_WARN_UNINITIALIZED_AUTOS = YES_AGGRESSIVE;
				GCC_WARN_UNUSED_FUNCTION = YES;
				GCC_WARN_UNUSED_VARIABLE = YES;
				IPHONEOS_DEPLOYMENT_TARGET = 13.5;
				MTL_ENABLE_DEBUG_INFO = INCLUDE_SOURCE;
				MTL_FAST_MATH = YES;
				ONLY_ACTIVE_ARCH = YES;
				SDKROOT = iphoneos;
				SWIFT_ACTIVE_COMPILATION_CONDITIONS = DEBUG;
				SWIFT_OPTIMIZATION_LEVEL = "-Onone";
			};
			name = Debug;
		};
		44EE17D62482B0BA006ECF2C /* Release */ = {
			isa = XCBuildConfiguration;
			buildSettings = {
				ALWAYS_SEARCH_USER_PATHS = NO;
				CLANG_ANALYZER_NONNULL = YES;
				CLANG_ANALYZER_NUMBER_OBJECT_CONVERSION = YES_AGGRESSIVE;
				CLANG_CXX_LANGUAGE_STANDARD = "gnu++14";
				CLANG_CXX_LIBRARY = "libc++";
				CLANG_ENABLE_MODULES = YES;
				CLANG_ENABLE_OBJC_ARC = YES;
				CLANG_ENABLE_OBJC_WEAK = YES;
				CLANG_WARN_BLOCK_CAPTURE_AUTORELEASING = YES;
				CLANG_WARN_BOOL_CONVERSION = YES;
				CLANG_WARN_COMMA = YES;
				CLANG_WARN_CONSTANT_CONVERSION = YES;
				CLANG_WARN_DEPRECATED_OBJC_IMPLEMENTATIONS = YES;
				CLANG_WARN_DIRECT_OBJC_ISA_USAGE = YES_ERROR;
				CLANG_WARN_DOCUMENTATION_COMMENTS = YES;
				CLANG_WARN_EMPTY_BODY = YES;
				CLANG_WARN_ENUM_CONVERSION = YES;
				CLANG_WARN_INFINITE_RECURSION = YES;
				CLANG_WARN_INT_CONVERSION = YES;
				CLANG_WARN_NON_LITERAL_NULL_CONVERSION = YES;
				CLANG_WARN_OBJC_IMPLICIT_RETAIN_SELF = YES;
				CLANG_WARN_OBJC_LITERAL_CONVERSION = YES;
				CLANG_WARN_OBJC_ROOT_CLASS = YES_ERROR;
				CLANG_WARN_RANGE_LOOP_ANALYSIS = YES;
				CLANG_WARN_STRICT_PROTOTYPES = YES;
				CLANG_WARN_SUSPICIOUS_MOVE = YES;
				CLANG_WARN_UNGUARDED_AVAILABILITY = YES_AGGRESSIVE;
				CLANG_WARN_UNREACHABLE_CODE = YES;
				CLANG_WARN__DUPLICATE_METHOD_MATCH = YES;
				COPY_PHASE_STRIP = NO;
				DEBUG_INFORMATION_FORMAT = "dwarf-with-dsym";
				ENABLE_NS_ASSERTIONS = NO;
				ENABLE_STRICT_OBJC_MSGSEND = YES;
				GCC_C_LANGUAGE_STANDARD = gnu11;
				GCC_NO_COMMON_BLOCKS = YES;
				GCC_WARN_64_TO_32_BIT_CONVERSION = YES;
				GCC_WARN_ABOUT_RETURN_TYPE = YES_ERROR;
				GCC_WARN_UNDECLARED_SELECTOR = YES;
				GCC_WARN_UNINITIALIZED_AUTOS = YES_AGGRESSIVE;
				GCC_WARN_UNUSED_FUNCTION = YES;
				GCC_WARN_UNUSED_VARIABLE = YES;
				IPHONEOS_DEPLOYMENT_TARGET = 13.5;
				MTL_ENABLE_DEBUG_INFO = NO;
				MTL_FAST_MATH = YES;
				SDKROOT = iphoneos;
				SWIFT_COMPILATION_MODE = wholemodule;
				SWIFT_OPTIMIZATION_LEVEL = "-O";
				VALIDATE_PRODUCT = YES;
			};
			name = Release;
		};
		44EE17D82482B0BA006ECF2C /* Debug */ = {
			isa = XCBuildConfiguration;
			baseConfigurationReference = E8ADB93A5636F461593EED9E /* Pods-AnimatedRoute.debug.xcconfig */;
			buildSettings = {
				ASSETCATALOG_COMPILER_APPICON_NAME = AppIcon;
				CODE_SIGN_STYLE = Automatic;
				DEVELOPMENT_TEAM = X5E3UVP2MV;
				INFOPLIST_FILE = AnimatedRoute/Info.plist;
				LD_RUNPATH_SEARCH_PATHS = (
					"$(inherited)",
					"@executable_path/Frameworks",
				);
				PRODUCT_BUNDLE_IDENTIFIER = com.deliveree.animatedroute;
				PRODUCT_NAME = "$(TARGET_NAME)";
				SWIFT_VERSION = 5.0;
				TARGETED_DEVICE_FAMILY = "1,2";
			};
			name = Debug;
		};
		44EE17D92482B0BA006ECF2C /* Release */ = {
			isa = XCBuildConfiguration;
			baseConfigurationReference = 9A6CC041ACFF75AD00664DAA /* Pods-AnimatedRoute.release.xcconfig */;
			buildSettings = {
				ASSETCATALOG_COMPILER_APPICON_NAME = AppIcon;
				CODE_SIGN_STYLE = Automatic;
				DEVELOPMENT_TEAM = XDY972F9FF;
				INFOPLIST_FILE = AnimatedRoute/Info.plist;
				LD_RUNPATH_SEARCH_PATHS = (
					"$(inherited)",
					"@executable_path/Frameworks",
				);
				PRODUCT_BUNDLE_IDENTIFIER = com.deliveree.animatedroute;
				PRODUCT_NAME = "$(TARGET_NAME)";
				SWIFT_VERSION = 5.0;
				TARGETED_DEVICE_FAMILY = "1,2";
			};
			name = Release;
		};
/* End XCBuildConfiguration section */

/* Begin XCConfigurationList section */
		44EE17BE2482B0B1006ECF2C /* Build configuration list for PBXProject "AnimatedRoute" */ = {
			isa = XCConfigurationList;
			buildConfigurations = (
				44EE17D52482B0BA006ECF2C /* Debug */,
				44EE17D62482B0BA006ECF2C /* Release */,
			);
			defaultConfigurationIsVisible = 0;
			defaultConfigurationName = Release;
		};
		44EE17D72482B0BA006ECF2C /* Build configuration list for PBXNativeTarget "AnimatedRoute" */ = {
			isa = XCConfigurationList;
			buildConfigurations = (
				44EE17D82482B0BA006ECF2C /* Debug */,
				44EE17D92482B0BA006ECF2C /* Release */,
			);
			defaultConfigurationIsVisible = 0;
			defaultConfigurationName = Release;
		};
/* End XCConfigurationList section */
	};
	rootObject = 44EE17BB2482B0B1006ECF2C /* Project object */;
}
